
Microsoft Visual Studio Solution File, Format Version 12.00
Project("{FAE04EC0-301F-11D3-BF4B-00C04F79EFBC}") = "Server", "Server\Server.csproj", "{141A4B51-273B-4FE2-A9D6-FDB443FD7FE3}"
EndProject
Project("{FAE04EC0-301F-11D3-BF4B-00C04F79EFBC}") = "BlazorApp1", "BlazorApp1\BlazorApp1.csproj", "{B6191A00-34AF-49D6-B99F-6888ED58AA2C}"
EndProject
Global
	GlobalSection(SolutionConfigurationPlatforms) = preSolution
		Debug|Any CPU = Debug|Any CPU
		Release|Any CPU = Release|Any CPU
	EndGlobalSection
	GlobalSection(ProjectConfigurationPlatforms) = postSolution
		{141A4B51-273B-4FE2-A9D6-FDB443FD7FE3}.Debug|Any CPU.ActiveCfg = Debug|Any CPU
		{141A4B51-273B-4FE2-A9D6-FDB443FD7FE3}.Debug|Any CPU.Build.0 = Debug|Any CPU
		{141A4B51-273B-4FE2-A9D6-FDB443FD7FE3}.Release|Any CPU.ActiveCfg = Release|Any CPU
		{141A4B51-273B-4FE2-A9D6-FDB443FD7FE3}.Release|Any CPU.Build.0 = Release|Any CPU
		{B6191A00-34AF-49D6-B99F-6888ED58AA2C}.Debug|Any CPU.ActiveCfg = Debug|Any CPU
		{B6191A00-34AF-49D6-B99F-6888ED58AA2C}.Debug|Any CPU.Build.0 = Debug|Any CPU
		{B6191A00-34AF-49D6-B99F-6888ED58AA2C}.Release|Any CPU.ActiveCfg = Release|Any CPU
		{B6191A00-34AF-49D6-B99F-6888ED58AA2C}.Release|Any CPU.Build.0 = Release|Any CPU
	EndGlobalSection
EndGlobal
